// !$*UTF8*$!
{
	archiveVersion = 1;
	classes = {
	};
	objectVersion = 50;
	objects = {

/* Begin PBXBuildFile section */
		0706880824AFF6E3007E8F33 /* CornerCursor.swift in Sources */ = {isa = PBXBuildFile; fileRef = 0706880724AFF6E3007E8F33 /* CornerCursor.swift */; };
		0706880A24AFFDD0007E8F33 /* CornerNode.swift in Sources */ = {isa = PBXBuildFile; fileRef = 0706880924AFFDD0007E8F33 /* CornerNode.swift */; };
		07118F6924A9601A008EAF8E /* AppDelegate.swift in Sources */ = {isa = PBXBuildFile; fileRef = 07118F6824A9601A008EAF8E /* AppDelegate.swift */; };
		07118F6B24A9601A008EAF8E /* art.scnassets in Resources */ = {isa = PBXBuildFile; fileRef = 07118F6A24A9601A008EAF8E /* art.scnassets */; };
		07118F6D24A9601A008EAF8E /* ViewController.swift in Sources */ = {isa = PBXBuildFile; fileRef = 07118F6C24A9601A008EAF8E /* ViewController.swift */; };
		07118F7024A9601A008EAF8E /* Main.storyboard in Resources */ = {isa = PBXBuildFile; fileRef = 07118F6E24A9601A008EAF8E /* Main.storyboard */; };
		07118F7224A9601B008EAF8E /* Assets.xcassets in Resources */ = {isa = PBXBuildFile; fileRef = 07118F7124A9601B008EAF8E /* Assets.xcassets */; };
		07118F7524A9601B008EAF8E /* LaunchScreen.storyboard in Resources */ = {isa = PBXBuildFile; fileRef = 07118F7324A9601B008EAF8E /* LaunchScreen.storyboard */; };
/* End PBXBuildFile section */

/* Begin PBXCopyFilesBuildPhase section */
		07696D2E24A9770400ACF06D /* CopyFiles */ = {
			isa = PBXCopyFilesBuildPhase;
			buildActionMask = 2147483647;
			dstPath = "";
			dstSubfolderSpec = 10;
			files = (
			);
			runOnlyForDeploymentPostprocessing = 0;
		};
/* End PBXCopyFilesBuildPhase section */

/* Begin PBXFileReference section */
		0706880724AFF6E3007E8F33 /* CornerCursor.swift */ = {isa = PBXFileReference; lastKnownFileType = sourcecode.swift; path = CornerCursor.swift; sourceTree = "<group>"; };
		0706880924AFFDD0007E8F33 /* CornerNode.swift */ = {isa = PBXFileReference; lastKnownFileType = sourcecode.swift; path = CornerNode.swift; sourceTree = "<group>"; };
		07118F6524A9601A008EAF8E /* StitchBuddy.app */ = {isa = PBXFileReference; explicitFileType = wrapper.application; includeInIndex = 0; path = StitchBuddy.app; sourceTree = BUILT_PRODUCTS_DIR; };
		07118F6824A9601A008EAF8E /* AppDelegate.swift */ = {isa = PBXFileReference; lastKnownFileType = sourcecode.swift; path = AppDelegate.swift; sourceTree = "<group>"; };
		07118F6A24A9601A008EAF8E /* art.scnassets */ = {isa = PBXFileReference; lastKnownFileType = wrapper.scnassets; path = art.scnassets; sourceTree = "<group>"; };
		07118F6C24A9601A008EAF8E /* ViewController.swift */ = {isa = PBXFileReference; lastKnownFileType = sourcecode.swift; path = ViewController.swift; sourceTree = "<group>"; };
		07118F6F24A9601A008EAF8E /* Base */ = {isa = PBXFileReference; lastKnownFileType = file.storyboard; name = Base; path = Base.lproj/Main.storyboard; sourceTree = "<group>"; };
		07118F7124A9601B008EAF8E /* Assets.xcassets */ = {isa = PBXFileReference; lastKnownFileType = folder.assetcatalog; path = Assets.xcassets; sourceTree = "<group>"; };
		07118F7424A9601B008EAF8E /* Base */ = {isa = PBXFileReference; lastKnownFileType = file.storyboard; name = Base; path = Base.lproj/LaunchScreen.storyboard; sourceTree = "<group>"; };
		07118F7624A9601B008EAF8E /* Info.plist */ = {isa = PBXFileReference; lastKnownFileType = text.plist.xml; path = Info.plist; sourceTree = "<group>"; };
/* End PBXFileReference section */

/* Begin PBXFrameworksBuildPhase section */
		07118F6224A9601A008EAF8E /* Frameworks */ = {
			isa = PBXFrameworksBuildPhase;
			buildActionMask = 2147483647;
			files = (
			);
			runOnlyForDeploymentPostprocessing = 0;
		};
/* End PBXFrameworksBuildPhase section */

/* Begin PBXGroup section */
		07118F5C24A9601A008EAF8E = {
			isa = PBXGroup;
			children = (
				07118F6724A9601A008EAF8E /* StitchBuddy */,
				07118F6624A9601A008EAF8E /* Products */,
				07696D2C24A976F100ACF06D /* Frameworks */,
			);
			sourceTree = "<group>";
		};
		07118F6624A9601A008EAF8E /* Products */ = {
			isa = PBXGroup;
			children = (
				07118F6524A9601A008EAF8E /* StitchBuddy.app */,
			);
			name = Products;
			sourceTree = "<group>";
		};
		07118F6724A9601A008EAF8E /* StitchBuddy */ = {
			isa = PBXGroup;
			children = (
				07118F7C24A964A9008EAF8E /* Model */,
				07118F7D24A964DD008EAF8E /* View */,
				07118F7E24A964E4008EAF8E /* Controller */,
				07118F6824A9601A008EAF8E /* AppDelegate.swift */,
				07118F7124A9601B008EAF8E /* Assets.xcassets */,
				07118F7624A9601B008EAF8E /* Info.plist */,
			);
			path = StitchBuddy;
			sourceTree = "<group>";
		};
		07118F7C24A964A9008EAF8E /* Model */ = {
			isa = PBXGroup;
			children = (
			);
			path = Model;
			sourceTree = "<group>";
		};
		07118F7D24A964DD008EAF8E /* View */ = {
			isa = PBXGroup;
			children = (
				07118F6A24A9601A008EAF8E /* art.scnassets */,
				07118F6E24A9601A008EAF8E /* Main.storyboard */,
				07118F7324A9601B008EAF8E /* LaunchScreen.storyboard */,
				0706880724AFF6E3007E8F33 /* CornerCursor.swift */,
				0706880924AFFDD0007E8F33 /* CornerNode.swift */,
			);
			path = View;
			sourceTree = "<group>";
		};
		07118F7E24A964E4008EAF8E /* Controller */ = {
			isa = PBXGroup;
			children = (
				07118F6C24A9601A008EAF8E /* ViewController.swift */,
			);
			path = Controller;
			sourceTree = "<group>";
		};
		07696D2C24A976F100ACF06D /* Frameworks */ = {
			isa = PBXGroup;
			children = (
			);
			name = Frameworks;
			sourceTree = "<group>";
		};
/* End PBXGroup section */

/* Begin PBXNativeTarget section */
		07118F6424A9601A008EAF8E /* StitchBuddy */ = {
			isa = PBXNativeTarget;
			buildConfigurationList = 07118F7924A9601B008EAF8E /* Build configuration list for PBXNativeTarget "StitchBuddy" */;
			buildPhases = (
				07118F6124A9601A008EAF8E /* Sources */,
				07118F6224A9601A008EAF8E /* Frameworks */,
				07118F6324A9601A008EAF8E /* Resources */,
				07696D2E24A9770400ACF06D /* CopyFiles */,
			);
			buildRules = (
			);
			dependencies = (
			);
			name = StitchBuddy;
			productName = StitchBuddy;
			productReference = 07118F6524A9601A008EAF8E /* StitchBuddy.app */;
			productType = "com.apple.product-type.application";
		};
/* End PBXNativeTarget section */

/* Begin PBXProject section */
		07118F5D24A9601A008EAF8E /* Project object */ = {
			isa = PBXProject;
			attributes = {
				LastSwiftUpdateCheck = 1150;
				LastUpgradeCheck = 1150;
				ORGANIZATIONNAME = "Miles Au";
				TargetAttributes = {
					07118F6424A9601A008EAF8E = {
						CreatedOnToolsVersion = 11.5;
					};
				};
			};
			buildConfigurationList = 07118F6024A9601A008EAF8E /* Build configuration list for PBXProject "StitchBuddy" */;
			compatibilityVersion = "Xcode 9.3";
			developmentRegion = en;
			hasScannedForEncodings = 0;
			knownRegions = (
				en,
				Base,
			);
			mainGroup = 07118F5C24A9601A008EAF8E;
			productRefGroup = 07118F6624A9601A008EAF8E /* Products */;
			projectDirPath = "";
			projectRoot = "";
			targets = (
				07118F6424A9601A008EAF8E /* StitchBuddy */,
			);
		};
/* End PBXProject section */

/* Begin PBXResourcesBuildPhase section */
		07118F6324A9601A008EAF8E /* Resources */ = {
			isa = PBXResourcesBuildPhase;
			buildActionMask = 2147483647;
			files = (
				07118F6B24A9601A008EAF8E /* art.scnassets in Resources */,
				07118F7524A9601B008EAF8E /* LaunchScreen.storyboard in Resources */,
				07118F7224A9601B008EAF8E /* Assets.xcassets in Resources */,
				07118F7024A9601A008EAF8E /* Main.storyboard in Resources */,
			);
			runOnlyForDeploymentPostprocessing = 0;
		};
/* End PBXResourcesBuildPhase section */

/* Begin PBXSourcesBuildPhase section */
		07118F6124A9601A008EAF8E /* Sources */ = {
			isa = PBXSourcesBuildPhase;
			buildActionMask = 2147483647;
			files = (
				07118F6D24A9601A008EAF8E /* ViewController.swift in Sources */,
				07118F6924A9601A008EAF8E /* AppDelegate.swift in Sources */,
				0706880A24AFFDD0007E8F33 /* CornerNode.swift in Sources */,
				0706880824AFF6E3007E8F33 /* CornerCursor.swift in Sources */,
			);
			runOnlyForDeploymentPostprocessing = 0;
		};
/* End PBXSourcesBuildPhase section */

/* Begin PBXVariantGroup section */
		07118F6E24A9601A008EAF8E /* Main.storyboard */ = {
			isa = PBXVariantGroup;
			children = (
				07118F6F24A9601A008EAF8E /* Base */,
			);
			name = Main.storyboard;
			sourceTree = "<group>";
		};
		07118F7324A9601B008EAF8E /* LaunchScreen.storyboard */ = {
			isa = PBXVariantGroup;
			children = (
				07118F7424A9601B008EAF8E /* Base */,
			);
			name = LaunchScreen.storyboard;
			sourceTree = "<group>";
		};
/* End PBXVariantGroup section */

/* Begin XCBuildConfiguration section */
		07118F7724A9601B008EAF8E /* Debug */ = {
			isa = XCBuildConfiguration;
			buildSettings = {
				ALWAYS_SEARCH_USER_PATHS = NO;
				CLANG_ANALYZER_NONNULL = YES;
				CLANG_ANALYZER_NUMBER_OBJECT_CONVERSION = YES_AGGRESSIVE;
				CLANG_CXX_LANGUAGE_STANDARD = "gnu++14";
				CLANG_CXX_LIBRARY = "libc++";
				CLANG_ENABLE_MODULES = YES;
				CLANG_ENABLE_OBJC_ARC = YES;
				CLANG_ENABLE_OBJC_WEAK = YES;
				CLANG_WARN_BLOCK_CAPTURE_AUTORELEASING = YES;
				CLANG_WARN_BOOL_CONVERSION = YES;
				CLANG_WARN_COMMA = YES;
				CLANG_WARN_CONSTANT_CONVERSION = YES;
				CLANG_WARN_DEPRECATED_OBJC_IMPLEMENTATIONS = YES;
				CLANG_WARN_DIRECT_OBJC_ISA_USAGE = YES_ERROR;
				CLANG_WARN_DOCUMENTATION_COMMENTS = YES;
				CLANG_WARN_EMPTY_BODY = YES;
				CLANG_WARN_ENUM_CONVERSION = YES;
				CLANG_WARN_INFINITE_RECURSION = YES;
				CLANG_WARN_INT_CONVERSION = YES;
				CLANG_WARN_NON_LITERAL_NULL_CONVERSION = YES;
				CLANG_WARN_OBJC_IMPLICIT_RETAIN_SELF = YES;
				CLANG_WARN_OBJC_LITERAL_CONVERSION = YES;
				CLANG_WARN_OBJC_ROOT_CLASS = YES_ERROR;
				CLANG_WARN_RANGE_LOOP_ANALYSIS = YES;
				CLANG_WARN_STRICT_PROTOTYPES = YES;
				CLANG_WARN_SUSPICIOUS_MOVE = YES;
				CLANG_WARN_UNGUARDED_AVAILABILITY = YES_AGGRESSIVE;
				CLANG_WARN_UNREACHABLE_CODE = YES;
				CLANG_WARN__DUPLICATE_METHOD_MATCH = YES;
				COPY_PHASE_STRIP = NO;
				DEBUG_INFORMATION_FORMAT = dwarf;
				ENABLE_STRICT_OBJC_MSGSEND = YES;
				ENABLE_TESTABILITY = YES;
				GCC_C_LANGUAGE_STANDARD = gnu11;
				GCC_DYNAMIC_NO_PIC = NO;
				GCC_NO_COMMON_BLOCKS = YES;
				GCC_OPTIMIZATION_LEVEL = 0;
				GCC_PREPROCESSOR_DEFINITIONS = (
					"DEBUG=1",
					"$(inherited)",
				);
				GCC_WARN_64_TO_32_BIT_CONVERSION = YES;
				GCC_WARN_ABOUT_RETURN_TYPE = YES_ERROR;
				GCC_WARN_UNDECLARED_SELECTOR = YES;
				GCC_WARN_UNINITIALIZED_AUTOS = YES_AGGRESSIVE;
				GCC_WARN_UNUSED_FUNCTION = YES;
				GCC_WARN_UNUSED_VARIABLE = YES;
				IPHONEOS_DEPLOYMENT_TARGET = 13.0;
				MTL_ENABLE_DEBUG_INFO = INCLUDE_SOURCE;
				MTL_FAST_MATH = YES;
				ONLY_ACTIVE_ARCH = YES;
				SDKROOT = iphoneos;
				SWIFT_ACTIVE_COMPILATION_CONDITIONS = DEBUG;
				SWIFT_OPTIMIZATION_LEVEL = "-Onone";
			};
			name = Debug;
		};
		07118F7824A9601B008EAF8E /* Release */ = {
			isa = XCBuildConfiguration;
			buildSettings = {
				ALWAYS_SEARCH_USER_PATHS = NO;
				CLANG_ANALYZER_NONNULL = YES;
				CLANG_ANALYZER_NUMBER_OBJECT_CONVERSION = YES_AGGRESSIVE;
				CLANG_CXX_LANGUAGE_STANDARD = "gnu++14";
				CLANG_CXX_LIBRARY = "libc++";
				CLANG_ENABLE_MODULES = YES;
				CLANG_ENABLE_OBJC_ARC = YES;
				CLANG_ENABLE_OBJC_WEAK = YES;
				CLANG_WARN_BLOCK_CAPTURE_AUTORELEASING = YES;
				CLANG_WARN_BOOL_CONVERSION = YES;
				CLANG_WARN_COMMA = YES;
				CLANG_WARN_CONSTANT_CONVERSION = YES;
				CLANG_WARN_DEPRECATED_OBJC_IMPLEMENTATIONS = YES;
				CLANG_WARN_DIRECT_OBJC_ISA_USAGE = YES_ERROR;
				CLANG_WARN_DOCUMENTATION_COMMENTS = YES;
				CLANG_WARN_EMPTY_BODY = YES;
				CLANG_WARN_ENUM_CONVERSION = YES;
				CLANG_WARN_INFINITE_RECURSION = YES;
				CLANG_WARN_INT_CONVERSION = YES;
				CLANG_WARN_NON_LITERAL_NULL_CONVERSION = YES;
				CLANG_WARN_OBJC_IMPLICIT_RETAIN_SELF = YES;
				CLANG_WARN_OBJC_LITERAL_CONVERSION = YES;
				CLANG_WARN_OBJC_ROOT_CLASS = YES_ERROR;
				CLANG_WARN_RANGE_LOOP_ANALYSIS = YES;
				CLANG_WARN_STRICT_PROTOTYPES = YES;
				CLANG_WARN_SUSPICIOUS_MOVE = YES;
				CLANG_WARN_UNGUARDED_AVAILABILITY = YES_AGGRESSIVE;
				CLANG_WARN_UNREACHABLE_CODE = YES;
				CLANG_WARN__DUPLICATE_METHOD_MATCH = YES;
				COPY_PHASE_STRIP = NO;
				DEBUG_INFORMATION_FORMAT = "dwarf-with-dsym";
				ENABLE_NS_ASSERTIONS = NO;
				ENABLE_STRICT_OBJC_MSGSEND = YES;
				GCC_C_LANGUAGE_STANDARD = gnu11;
				GCC_NO_COMMON_BLOCKS = YES;
				GCC_WARN_64_TO_32_BIT_CONVERSION = YES;
				GCC_WARN_ABOUT_RETURN_TYPE = YES_ERROR;
				GCC_WARN_UNDECLARED_SELECTOR = YES;
				GCC_WARN_UNINITIALIZED_AUTOS = YES_AGGRESSIVE;
				GCC_WARN_UNUSED_FUNCTION = YES;
				GCC_WARN_UNUSED_VARIABLE = YES;
				IPHONEOS_DEPLOYMENT_TARGET = 13.0;
				MTL_ENABLE_DEBUG_INFO = NO;
				MTL_FAST_MATH = YES;
				SDKROOT = iphoneos;
				SWIFT_COMPILATION_MODE = wholemodule;
				SWIFT_OPTIMIZATION_LEVEL = "-O";
				VALIDATE_PRODUCT = YES;
			};
			name = Release;
		};
		07118F7A24A9601B008EAF8E /* Debug */ = {
			isa = XCBuildConfiguration;
			buildSettings = {
				ASSETCATALOG_COMPILER_APPICON_NAME = AppIcon;
				CODE_SIGN_STYLE = Automatic;
				DEVELOPMENT_TEAM = 6X24VA92QA;
				INFOPLIST_FILE = StitchBuddy/Info.plist;
				LD_RUNPATH_SEARCH_PATHS = (
					"$(inherited)",
					"@executable_path/Frameworks",
				);
				PRODUCT_BUNDLE_IDENTIFIER = com.milesau.StitchBuddy;
				PRODUCT_NAME = "$(TARGET_NAME)";
				SWIFT_VERSION = 5.0;
				TARGETED_DEVICE_FAMILY = "1,2";
			};
			name = Debug;
		};
		07118F7B24A9601B008EAF8E /* Release */ = {
			isa = XCBuildConfiguration;
			buildSettings = {
				ASSETCATALOG_COMPILER_APPICON_NAME = AppIcon;
				CODE_SIGN_STYLE = Automatic;
				DEVELOPMENT_TEAM = 6X24VA92QA;
				INFOPLIST_FILE = StitchBuddy/Info.plist;
				LD_RUNPATH_SEARCH_PATHS = (
					"$(inherited)",
					"@executable_path/Frameworks",
				);
				PRODUCT_BUNDLE_IDENTIFIER = com.milesau.StitchBuddy;
				PRODUCT_NAME = "$(TARGET_NAME)";
				SWIFT_VERSION = 5.0;
				TARGETED_DEVICE_FAMILY = "1,2";
			};
			name = Release;
		};
/* End XCBuildConfiguration section */

/* Begin XCConfigurationList section */
		07118F6024A9601A008EAF8E /* Build configuration list for PBXProject "StitchBuddy" */ = {
			isa = XCConfigurationList;
			buildConfigurations = (
				07118F7724A9601B008EAF8E /* Debug */,
				07118F7824A9601B008EAF8E /* Release */,
			);
			defaultConfigurationIsVisible = 0;
			defaultConfigurationName = Release;
		};
		07118F7924A9601B008EAF8E /* Build configuration list for PBXNativeTarget "StitchBuddy" */ = {
			isa = XCConfigurationList;
			buildConfigurations = (
				07118F7A24A9601B008EAF8E /* Debug */,
				07118F7B24A9601B008EAF8E /* Release */,
			);
			defaultConfigurationIsVisible = 0;
			defaultConfigurationName = Release;
		};
/* End XCConfigurationList section */
	};
	rootObject = 07118F5D24A9601A008EAF8E /* Project object */;
}
